
Microsoft Visual Studio Solution File, Format Version 12.00
# Visual Studio Version 17
VisualStudioVersion = 17.3.32811.315
MinimumVisualStudioVersion = 10.0.40219.1
Project("{8BC9CEB8-8B4A-11D0-8D11-00A0C91BC942}") = "homework3-1", "homework3-1.vcxproj", "{598C5D30-5780-44EC-BC16-DDAF3412FC23}"
EndProject
Global
	GlobalSection(SolutionConfigurationPlatforms) = preSolution
		Debug|x64 = Debug|x64
		Debug|x86 = Debug|x86
		Release|x64 = Release|x64
		Release|x86 = Release|x86
	EndGlobalSection
	GlobalSection(ProjectConfigurationPlatforms) = postSolution
		{598C5D30-5780-44EC-BC16-DDAF3412FC23}.Debug|x64.ActiveCfg = Debug|x64
		{598C5D30-5780-44EC-BC16-DDAF3412FC23}.Debug|x64.Build.0 = Debug|x64
		{598C5D30-5780-44EC-BC16-DDAF3412FC23}.Debug|x86.ActiveCfg = Debug|Win32
		{598C5D30-5780-44EC-BC16-DDAF3412FC23}.Debug|x86.Build.0 = Debug|Win32
		{598C5D30-5780-44EC-BC16-DDAF3412FC23}.Release|x64.ActiveCfg = Release|x64
		{598C5D30-5780-44EC-BC16-DDAF3412FC23}.Release|x64.Build.0 = Release|x64
		{598C5D30-5780-44EC-BC16-DDAF3412FC23}.Release|x86.ActiveCfg = Release|Win32
		{598C5D30-5780-44EC-BC16-DDAF3412FC23}.Release|x86.Build.0 = Release|Win32
	EndGlobalSection
	GlobalSection(SolutionProperties) = preSolution
		HideSolutionNode = FALSE
	EndGlobalSection
	GlobalSection(ExtensibilityGlobals) = postSolution
		SolutionGuid = {8566A33B-4D02-4077-9E1A-FD2656579A39}
	EndGlobalSection
EndGlobal
