
Microsoft Visual Studio Solution File, Format Version 12.00
# Visual Studio Version 17
VisualStudioVersion = 17.3.32811.315
MinimumVisualStudioVersion = 10.0.40219.1
Project("{8BC9CEB8-8B4A-11D0-8D11-00A0C91BC942}") = "final exam project", "final exam project.vcxproj", "{A6C7B382-5D33-4BB9-9C7A-CA95A8E18C76}"
EndProject
Global
	GlobalSection(SolutionConfigurationPlatforms) = preSolution
		Debug|x64 = Debug|x64
		Debug|x86 = Debug|x86
		Release|x64 = Release|x64
		Release|x86 = Release|x86
	EndGlobalSection
	GlobalSection(ProjectConfigurationPlatforms) = postSolution
		{A6C7B382-5D33-4BB9-9C7A-CA95A8E18C76}.Debug|x64.ActiveCfg = Debug|x64
		{A6C7B382-5D33-4BB9-9C7A-CA95A8E18C76}.Debug|x64.Build.0 = Debug|x64
		{A6C7B382-5D33-4BB9-9C7A-CA95A8E18C76}.Debug|x86.ActiveCfg = Debug|Win32
		{A6C7B382-5D33-4BB9-9C7A-CA95A8E18C76}.Debug|x86.Build.0 = Debug|Win32
		{A6C7B382-5D33-4BB9-9C7A-CA95A8E18C76}.Release|x64.ActiveCfg = Release|x64
		{A6C7B382-5D33-4BB9-9C7A-CA95A8E18C76}.Release|x64.Build.0 = Release|x64
		{A6C7B382-5D33-4BB9-9C7A-CA95A8E18C76}.Release|x86.ActiveCfg = Release|Win32
		{A6C7B382-5D33-4BB9-9C7A-CA95A8E18C76}.Release|x86.Build.0 = Release|Win32
	EndGlobalSection
	GlobalSection(SolutionProperties) = preSolution
		HideSolutionNode = FALSE
	EndGlobalSection
	GlobalSection(ExtensibilityGlobals) = postSolution
		SolutionGuid = {58E8B195-76BC-4363-AE7B-9EA262F1A2FC}
	EndGlobalSection
EndGlobal
