
Microsoft Visual Studio Solution File, Format Version 12.00
# Visual Studio Version 17
VisualStudioVersion = 17.3.32811.315
MinimumVisualStudioVersion = 10.0.40219.1
Project("{8BC9CEB8-8B4A-11D0-8D11-00A0C91BC942}") = "p.163", "p.163.vcxproj", "{8E9A2AB7-8E9E-4A93-9356-C78A6D4D83B1}"
EndProject
Global
	GlobalSection(SolutionConfigurationPlatforms) = preSolution
		Debug|x64 = Debug|x64
		Debug|x86 = Debug|x86
		Release|x64 = Release|x64
		Release|x86 = Release|x86
	EndGlobalSection
	GlobalSection(ProjectConfigurationPlatforms) = postSolution
		{8E9A2AB7-8E9E-4A93-9356-C78A6D4D83B1}.Debug|x64.ActiveCfg = Debug|x64
		{8E9A2AB7-8E9E-4A93-9356-C78A6D4D83B1}.Debug|x64.Build.0 = Debug|x64
		{8E9A2AB7-8E9E-4A93-9356-C78A6D4D83B1}.Debug|x86.ActiveCfg = Debug|Win32
		{8E9A2AB7-8E9E-4A93-9356-C78A6D4D83B1}.Debug|x86.Build.0 = Debug|Win32
		{8E9A2AB7-8E9E-4A93-9356-C78A6D4D83B1}.Release|x64.ActiveCfg = Release|x64
		{8E9A2AB7-8E9E-4A93-9356-C78A6D4D83B1}.Release|x64.Build.0 = Release|x64
		{8E9A2AB7-8E9E-4A93-9356-C78A6D4D83B1}.Release|x86.ActiveCfg = Release|Win32
		{8E9A2AB7-8E9E-4A93-9356-C78A6D4D83B1}.Release|x86.Build.0 = Release|Win32
	EndGlobalSection
	GlobalSection(SolutionProperties) = preSolution
		HideSolutionNode = FALSE
	EndGlobalSection
	GlobalSection(ExtensibilityGlobals) = postSolution
		SolutionGuid = {5B78A7EF-92FA-4D59-91B7-EFE698E0F9A9}
	EndGlobalSection
EndGlobal
