
Microsoft Visual Studio Solution File, Format Version 12.00
# Visual Studio Version 17
VisualStudioVersion = 17.3.32811.315
MinimumVisualStudioVersion = 10.0.40219.1
Project("{8BC9CEB8-8B4A-11D0-8D11-00A0C91BC942}") = "homework02", "homework02.vcxproj", "{29629CC4-7699-4531-BAEA-05FC8C668B62}"
EndProject
Global
	GlobalSection(SolutionConfigurationPlatforms) = preSolution
		Debug|x64 = Debug|x64
		Debug|x86 = Debug|x86
		Release|x64 = Release|x64
		Release|x86 = Release|x86
	EndGlobalSection
	GlobalSection(ProjectConfigurationPlatforms) = postSolution
		{29629CC4-7699-4531-BAEA-05FC8C668B62}.Debug|x64.ActiveCfg = Debug|x64
		{29629CC4-7699-4531-BAEA-05FC8C668B62}.Debug|x64.Build.0 = Debug|x64
		{29629CC4-7699-4531-BAEA-05FC8C668B62}.Debug|x86.ActiveCfg = Debug|Win32
		{29629CC4-7699-4531-BAEA-05FC8C668B62}.Debug|x86.Build.0 = Debug|Win32
		{29629CC4-7699-4531-BAEA-05FC8C668B62}.Release|x64.ActiveCfg = Release|x64
		{29629CC4-7699-4531-BAEA-05FC8C668B62}.Release|x64.Build.0 = Release|x64
		{29629CC4-7699-4531-BAEA-05FC8C668B62}.Release|x86.ActiveCfg = Release|Win32
		{29629CC4-7699-4531-BAEA-05FC8C668B62}.Release|x86.Build.0 = Release|Win32
	EndGlobalSection
	GlobalSection(SolutionProperties) = preSolution
		HideSolutionNode = FALSE
	EndGlobalSection
	GlobalSection(ExtensibilityGlobals) = postSolution
		SolutionGuid = {0AA12B84-C3E7-43CD-B08D-FD76C7BE0158}
	EndGlobalSection
EndGlobal
